
Microsoft Visual Studio Solution File, Format Version 12.00
# Visual Studio Version 17
VisualStudioVersion = 17.0.31903.59
MinimumVisualStudioVersion = 10.0.40219.1
Project("{FAE04EC0-301F-11D3-BF4B-00C04F79EFBC}") = "HumanDistance", "HumanDistance\HumanDistance.csproj", "{FBA8F818-CBA5-44F5-92C1-4A7106763105}"
EndProject
Project("{FAE04EC0-301F-11D3-BF4B-00C04F79EFBC}") = "HumanDistance.Tests", "HumanDistance.Tests\HumanDistance.Tests.csproj", "{3F33C29E-EEBB-493A-8CB6-C4DDC55F62B2}"
EndProject
Project("{FAE04EC0-301F-11D3-BF4B-00C04F79EFBC}") = "HumanDistance.Benchmarks", "HumanDistance.Benchmarks\HumanDistance.Benchmarks.csproj", "{477DF9A2-D096-4F09-A050-F4818F2444FA}"
EndProject
Global
	GlobalSection(SolutionConfigurationPlatforms) = preSolution
		Debug|Any CPU = Debug|Any CPU
		Release|Any CPU = Release|Any CPU
	EndGlobalSection
	GlobalSection(SolutionProperties) = preSolution
		HideSolutionNode = FALSE
	EndGlobalSection
	GlobalSection(ProjectConfigurationPlatforms) = postSolution
		{FBA8F818-CBA5-44F5-92C1-4A7106763105}.Debug|Any CPU.ActiveCfg = Debug|Any CPU
		{FBA8F818-CBA5-44F5-92C1-4A7106763105}.Debug|Any CPU.Build.0 = Debug|Any CPU
		{FBA8F818-CBA5-44F5-92C1-4A7106763105}.Release|Any CPU.ActiveCfg = Release|Any CPU
		{FBA8F818-CBA5-44F5-92C1-4A7106763105}.Release|Any CPU.Build.0 = Release|Any CPU
		{3F33C29E-EEBB-493A-8CB6-C4DDC55F62B2}.Debug|Any CPU.ActiveCfg = Debug|Any CPU
		{3F33C29E-EEBB-493A-8CB6-C4DDC55F62B2}.Debug|Any CPU.Build.0 = Debug|Any CPU
		{3F33C29E-EEBB-493A-8CB6-C4DDC55F62B2}.Release|Any CPU.ActiveCfg = Release|Any CPU
		{3F33C29E-EEBB-493A-8CB6-C4DDC55F62B2}.Release|Any CPU.Build.0 = Release|Any CPU
		{477DF9A2-D096-4F09-A050-F4818F2444FA}.Debug|Any CPU.ActiveCfg = Debug|Any CPU
		{477DF9A2-D096-4F09-A050-F4818F2444FA}.Debug|Any CPU.Build.0 = Debug|Any CPU
		{477DF9A2-D096-4F09-A050-F4818F2444FA}.Release|Any CPU.ActiveCfg = Release|Any CPU
		{477DF9A2-D096-4F09-A050-F4818F2444FA}.Release|Any CPU.Build.0 = Release|Any CPU
	EndGlobalSection
EndGlobal
